
Microsoft Visual Studio Solution File, Format Version 12.00
Project("{FAE04EC0-301F-11D3-BF4B-00C04F79EFBC}") = "Helix.CoreEngine", "Helix.CoreEngine\Helix.CoreEngine.csproj", "{75EC7904-4656-4654-8428-2583284D9CD8}"
EndProject
Project("{FAE04EC0-301F-11D3-BF4B-00C04F79EFBC}") = "Helix.CoreEngine.Tests", "Helix.CoreEngine.Tests\Helix.CoreEngine.Tests.csproj", "{54C3A2AA-6AA5-48CD-8526-899F02F11E48}"
EndProject
Project("{FAE04EC0-301F-11D3-BF4B-00C04F79EFBC}") = "Helix.API", "Helix.API\Helix.API.csproj", "{31D55D5B-BA4B-4D2B-9C45-A54E16B6B50E}"
EndProject
Project("{FAE04EC0-301F-11D3-BF4B-00C04F79EFBC}") = "Helix.Client.Web", "Helix.Client.Web\Helix.Client.Web.csproj", "{B297CFBC-53D0-4158-82F4-8AD1D29B9FAD}"
EndProject
Global
	GlobalSection(SolutionConfigurationPlatforms) = preSolution
		Debug|Any CPU = Debug|Any CPU
		Release|Any CPU = Release|Any CPU
	EndGlobalSection
	GlobalSection(ProjectConfigurationPlatforms) = postSolution
		{75EC7904-4656-4654-8428-2583284D9CD8}.Debug|Any CPU.ActiveCfg = Debug|Any CPU
		{75EC7904-4656-4654-8428-2583284D9CD8}.Debug|Any CPU.Build.0 = Debug|Any CPU
		{75EC7904-4656-4654-8428-2583284D9CD8}.Release|Any CPU.ActiveCfg = Release|Any CPU
		{75EC7904-4656-4654-8428-2583284D9CD8}.Release|Any CPU.Build.0 = Release|Any CPU
		{54C3A2AA-6AA5-48CD-8526-899F02F11E48}.Debug|Any CPU.ActiveCfg = Debug|Any CPU
		{54C3A2AA-6AA5-48CD-8526-899F02F11E48}.Debug|Any CPU.Build.0 = Debug|Any CPU
		{54C3A2AA-6AA5-48CD-8526-899F02F11E48}.Release|Any CPU.ActiveCfg = Release|Any CPU
		{54C3A2AA-6AA5-48CD-8526-899F02F11E48}.Release|Any CPU.Build.0 = Release|Any CPU
		{31D55D5B-BA4B-4D2B-9C45-A54E16B6B50E}.Debug|Any CPU.ActiveCfg = Debug|Any CPU
		{31D55D5B-BA4B-4D2B-9C45-A54E16B6B50E}.Debug|Any CPU.Build.0 = Debug|Any CPU
		{31D55D5B-BA4B-4D2B-9C45-A54E16B6B50E}.Release|Any CPU.ActiveCfg = Release|Any CPU
		{31D55D5B-BA4B-4D2B-9C45-A54E16B6B50E}.Release|Any CPU.Build.0 = Release|Any CPU
		{B297CFBC-53D0-4158-82F4-8AD1D29B9FAD}.Debug|Any CPU.ActiveCfg = Debug|Any CPU
		{B297CFBC-53D0-4158-82F4-8AD1D29B9FAD}.Debug|Any CPU.Build.0 = Debug|Any CPU
		{B297CFBC-53D0-4158-82F4-8AD1D29B9FAD}.Release|Any CPU.ActiveCfg = Release|Any CPU
		{B297CFBC-53D0-4158-82F4-8AD1D29B9FAD}.Release|Any CPU.Build.0 = Release|Any CPU
	EndGlobalSection
EndGlobal
